
Microsoft Visual Studio Solution File, Format Version 12.00
# Visual Studio Version 17
VisualStudioVersion = 17.1.32421.90
MinimumVisualStudioVersion = 10.0.40219.1
Project("{9A19103F-16F7-4668-BE54-9A1E7A4F7556}") = "OrderService", "OrderServise\OrderService.csproj", "{00826CA3-B2E2-4F91-A927-B8DE16C4FF4A}"
EndProject
Project("{FAE04EC0-301F-11D3-BF4B-00C04F79EFBC}") = "OrderServiceTest", "OrderServiceTest\OrderServiceTest.csproj", "{55B62C11-1EEA-4435-80F8-DE62B828C5D6}"
EndProject
Global
	GlobalSection(SolutionConfigurationPlatforms) = preSolution
		Debug|Any CPU = Debug|Any CPU
		Release|Any CPU = Release|Any CPU
	EndGlobalSection
	GlobalSection(ProjectConfigurationPlatforms) = postSolution
		{00826CA3-B2E2-4F91-A927-B8DE16C4FF4A}.Debug|Any CPU.ActiveCfg = Debug|Any CPU
		{00826CA3-B2E2-4F91-A927-B8DE16C4FF4A}.Debug|Any CPU.Build.0 = Debug|Any CPU
		{00826CA3-B2E2-4F91-A927-B8DE16C4FF4A}.Release|Any CPU.ActiveCfg = Release|Any CPU
		{00826CA3-B2E2-4F91-A927-B8DE16C4FF4A}.Release|Any CPU.Build.0 = Release|Any CPU
		{55B62C11-1EEA-4435-80F8-DE62B828C5D6}.Debug|Any CPU.ActiveCfg = Debug|Any CPU
		{55B62C11-1EEA-4435-80F8-DE62B828C5D6}.Debug|Any CPU.Build.0 = Debug|Any CPU
		{55B62C11-1EEA-4435-80F8-DE62B828C5D6}.Release|Any CPU.ActiveCfg = Release|Any CPU
		{55B62C11-1EEA-4435-80F8-DE62B828C5D6}.Release|Any CPU.Build.0 = Release|Any CPU
	EndGlobalSection
	GlobalSection(SolutionProperties) = preSolution
		HideSolutionNode = FALSE
	EndGlobalSection
	GlobalSection(ExtensibilityGlobals) = postSolution
		SolutionGuid = {4B5EB445-F953-42CD-BB24-B2B7B445D8D2}
	EndGlobalSection
EndGlobal
